// !$*UTF8*$!
{
	archiveVersion = 1;
	classes = {
	};
	objectVersion = 48;
	objects = {

/* Begin PBXBuildFile section */
		15076EA92021B9490097CC83 /* AppDelegate.swift in Sources */ = {isa = PBXBuildFile; fileRef = 15076EA82021B9490097CC83 /* AppDelegate.swift */; };
		15076EAB2021B9490097CC83 /* ViewController.swift in Sources */ = {isa = PBXBuildFile; fileRef = 15076EAA2021B9490097CC83 /* ViewController.swift */; };
		15076EAE2021B9490097CC83 /* Main.storyboard in Resources */ = {isa = PBXBuildFile; fileRef = 15076EAC2021B9490097CC83 /* Main.storyboard */; };
		15076EB02021B9490097CC83 /* Assets.xcassets in Resources */ = {isa = PBXBuildFile; fileRef = 15076EAF2021B9490097CC83 /* Assets.xcassets */; };
		15076EB32021B9490097CC83 /* LaunchScreen.storyboard in Resources */ = {isa = PBXBuildFile; fileRef = 15076EB12021B9490097CC83 /* LaunchScreen.storyboard */; };
		15076EBE2021B9490097CC83 /* SnippetTests.swift in Sources */ = {isa = PBXBuildFile; fileRef = 15076EBD2021B9490097CC83 /* SnippetTests.swift */; };
		15076EC92021B9490097CC83 /* SnippetUITests.swift in Sources */ = {isa = PBXBuildFile; fileRef = 15076EC82021B9490097CC83 /* SnippetUITests.swift */; };
		15076EDA2021BBDB0097CC83 /* SnippetsNameSpace.swift in Sources */ = {isa = PBXBuildFile; fileRef = 15076ED92021BBDB0097CC83 /* SnippetsNameSpace.swift */; };
		15076EDD2021BEE70097CC83 /* UIViewSnippet.swift in Sources */ = {isa = PBXBuildFile; fileRef = 15076EDC2021BEE70097CC83 /* UIViewSnippet.swift */; };
		15076EDF2021C59D0097CC83 /* UILabelSnippet.swift in Sources */ = {isa = PBXBuildFile; fileRef = 15076EDE2021C59D0097CC83 /* UILabelSnippet.swift */; };
		15076EE42021CA970097CC83 /* StringSnippet.swift in Sources */ = {isa = PBXBuildFile; fileRef = 15076EE32021CA970097CC83 /* StringSnippet.swift */; };
		152C79D12024542D00F33895 /* SnippetKit.framework in Frameworks */ = {isa = PBXBuildFile; fileRef = 152C79C82024542D00F33895 /* SnippetKit.framework */; };
		152C79D82024542D00F33895 /* SnippetKitTests.swift in Sources */ = {isa = PBXBuildFile; fileRef = 152C79D72024542D00F33895 /* SnippetKitTests.swift */; };
		152C79DA2024542D00F33895 /* SnippetKit.h in Headers */ = {isa = PBXBuildFile; fileRef = 152C79CA2024542D00F33895 /* SnippetKit.h */; settings = {ATTRIBUTES = (Public, ); }; };
		152C79DD2024542D00F33895 /* SnippetKit.framework in Frameworks */ = {isa = PBXBuildFile; fileRef = 152C79C82024542D00F33895 /* SnippetKit.framework */; };
		152C79DE2024542D00F33895 /* SnippetKit.framework in Embed Frameworks */ = {isa = PBXBuildFile; fileRef = 152C79C82024542D00F33895 /* SnippetKit.framework */; settings = {ATTRIBUTES = (CodeSignOnCopy, RemoveHeadersOnCopy, ); }; };
		152C79E62024544B00F33895 /* StringSnippet.swift in Sources */ = {isa = PBXBuildFile; fileRef = 15076EE32021CA970097CC83 /* StringSnippet.swift */; };
		152C79E72024544B00F33895 /* OptionalSnippet.swift in Sources */ = {isa = PBXBuildFile; fileRef = 15E6159A2022A25B006ED278 /* OptionalSnippet.swift */; };
		152C79E82024544B00F33895 /* UIViewSnippet.swift in Sources */ = {isa = PBXBuildFile; fileRef = 15076EDC2021BEE70097CC83 /* UIViewSnippet.swift */; };
		152C79E92024544B00F33895 /* UILabelSnippet.swift in Sources */ = {isa = PBXBuildFile; fileRef = 15076EDE2021C59D0097CC83 /* UILabelSnippet.swift */; };
		152C79EA2024544B00F33895 /* UIButtonSnippet.swift in Sources */ = {isa = PBXBuildFile; fileRef = 15E6159C2022A988006ED278 /* UIButtonSnippet.swift */; };
		152C79EB2024544B00F33895 /* UIControlSnippet.swift in Sources */ = {isa = PBXBuildFile; fileRef = 15E6159E2022BCCC006ED278 /* UIControlSnippet.swift */; };
		152C79EC2024544B00F33895 /* UIGestureRecognizerSnippet.swift in Sources */ = {isa = PBXBuildFile; fileRef = 153DBE662022FBC400420831 /* UIGestureRecognizerSnippet.swift */; };
		152C79ED2024544B00F33895 /* UITextViewSnippet.swift in Sources */ = {isa = PBXBuildFile; fileRef = 153DBE6820230A4E00420831 /* UITextViewSnippet.swift */; };
		152C79EE2024544B00F33895 /* UITextfieldSnippet.swift in Sources */ = {isa = PBXBuildFile; fileRef = 153DBE6A202310B400420831 /* UITextfieldSnippet.swift */; };
		152C79EF2024544B00F33895 /* SnippetsNameSpace.swift in Sources */ = {isa = PBXBuildFile; fileRef = 15076ED92021BBDB0097CC83 /* SnippetsNameSpace.swift */; };
		153DBE672022FBC400420831 /* UIGestureRecognizerSnippet.swift in Sources */ = {isa = PBXBuildFile; fileRef = 153DBE662022FBC400420831 /* UIGestureRecognizerSnippet.swift */; };
		153DBE6920230A4E00420831 /* UITextViewSnippet.swift in Sources */ = {isa = PBXBuildFile; fileRef = 153DBE6820230A4E00420831 /* UITextViewSnippet.swift */; };
		153DBE6B202310B400420831 /* UITextfieldSnippet.swift in Sources */ = {isa = PBXBuildFile; fileRef = 153DBE6A202310B400420831 /* UITextfieldSnippet.swift */; };
		158EF59C2085BC1400559701 /* DictionarySnippet.swift in Sources */ = {isa = PBXBuildFile; fileRef = 158EF59B2085BC1400559701 /* DictionarySnippet.swift */; };
		158EF59D2085BC1400559701 /* DictionarySnippet.swift in Sources */ = {isa = PBXBuildFile; fileRef = 158EF59B2085BC1400559701 /* DictionarySnippet.swift */; };
		1597B987205B50C500718F3E /* NSObject.swift in Sources */ = {isa = PBXBuildFile; fileRef = 1597B986205B50C500718F3E /* NSObject.swift */; };
		1597B989205BB78400718F3E /* NSObject.swift in Sources */ = {isa = PBXBuildFile; fileRef = 1597B986205B50C500718F3E /* NSObject.swift */; };
		15C722A3202B004E0081D663 /* ShowTextViewSnippetViewController.swift in Sources */ = {isa = PBXBuildFile; fileRef = 15C722A2202B004E0081D663 /* ShowTextViewSnippetViewController.swift */; };
		15E6159B2022A25B006ED278 /* OptionalSnippet.swift in Sources */ = {isa = PBXBuildFile; fileRef = 15E6159A2022A25B006ED278 /* OptionalSnippet.swift */; };
		15E6159D2022A988006ED278 /* UIButtonSnippet.swift in Sources */ = {isa = PBXBuildFile; fileRef = 15E6159C2022A988006ED278 /* UIButtonSnippet.swift */; };
		15E6159F2022BCCC006ED278 /* UIControlSnippet.swift in Sources */ = {isa = PBXBuildFile; fileRef = 15E6159E2022BCCC006ED278 /* UIControlSnippet.swift */; };
		15E615A22022E567006ED278 /* TypeInfer.swift in Sources */ = {isa = PBXBuildFile; fileRef = 15E615A12022E567006ED278 /* TypeInfer.swift */; };
		15E615A42022E705006ED278 /* ShowButtonSnippetViewController.swift in Sources */ = {isa = PBXBuildFile; fileRef = 15E615A32022E705006ED278 /* ShowButtonSnippetViewController.swift */; };
		15E615A62022E713006ED278 /* ShowLabelSnippetViewController.swift in Sources */ = {isa = PBXBuildFile; fileRef = 15E615A52022E713006ED278 /* ShowLabelSnippetViewController.swift */; };
		15E615A82022E725006ED278 /* ShowViewSnippetViewController.swift in Sources */ = {isa = PBXBuildFile; fileRef = 15E615A72022E725006ED278 /* ShowViewSnippetViewController.swift */; };
/* End PBXBuildFile section */

/* Begin PBXContainerItemProxy section */
		15076EBA2021B9490097CC83 /* PBXContainerItemProxy */ = {
			isa = PBXContainerItemProxy;
			containerPortal = 15076E9D2021B9490097CC83 /* Project object */;
			proxyType = 1;
			remoteGlobalIDString = 15076EA42021B9490097CC83;
			remoteInfo = Snippet;
		};
		15076EC52021B9490097CC83 /* PBXContainerItemProxy */ = {
			isa = PBXContainerItemProxy;
			containerPortal = 15076E9D2021B9490097CC83 /* Project object */;
			proxyType = 1;
			remoteGlobalIDString = 15076EA42021B9490097CC83;
			remoteInfo = Snippet;
		};
		152C79D22024542D00F33895 /* PBXContainerItemProxy */ = {
			isa = PBXContainerItemProxy;
			containerPortal = 15076E9D2021B9490097CC83 /* Project object */;
			proxyType = 1;
			remoteGlobalIDString = 152C79C72024542D00F33895;
			remoteInfo = SnippetKit;
		};
		152C79D42024542D00F33895 /* PBXContainerItemProxy */ = {
			isa = PBXContainerItemProxy;
			containerPortal = 15076E9D2021B9490097CC83 /* Project object */;
			proxyType = 1;
			remoteGlobalIDString = 15076EA42021B9490097CC83;
			remoteInfo = Snippet;
		};
		152C79DB2024542D00F33895 /* PBXContainerItemProxy */ = {
			isa = PBXContainerItemProxy;
			containerPortal = 15076E9D2021B9490097CC83 /* Project object */;
			proxyType = 1;
			remoteGlobalIDString = 152C79C72024542D00F33895;
			remoteInfo = SnippetKit;
		};
/* End PBXContainerItemProxy section */

/* Begin PBXCopyFilesBuildPhase section */
		152C79E42024542D00F33895 /* Embed Frameworks */ = {
			isa = PBXCopyFilesBuildPhase;
			buildActionMask = 2147483647;
			dstPath = "";
			dstSubfolderSpec = 10;
			files = (
				152C79DE2024542D00F33895 /* SnippetKit.framework in Embed Frameworks */,
			);
			name = "Embed Frameworks";
			runOnlyForDeploymentPostprocessing = 0;
		};
/* End PBXCopyFilesBuildPhase section */

/* Begin PBXFileReference section */
		15076EA52021B9490097CC83 /* Snippet.app */ = {isa = PBXFileReference; explicitFileType = wrapper.application; includeInIndex = 0; path = Snippet.app; sourceTree = BUILT_PRODUCTS_DIR; };
		15076EA82021B9490097CC83 /* AppDelegate.swift */ = {isa = PBXFileReference; lastKnownFileType = sourcecode.swift; path = AppDelegate.swift; sourceTree = "<group>"; };
		15076EAA2021B9490097CC83 /* ViewController.swift */ = {isa = PBXFileReference; lastKnownFileType = sourcecode.swift; path = ViewController.swift; sourceTree = "<group>"; };
		15076EAD2021B9490097CC83 /* Base */ = {isa = PBXFileReference; lastKnownFileType = file.storyboard; name = Base; path = Base.lproj/Main.storyboard; sourceTree = "<group>"; };
		15076EAF2021B9490097CC83 /* Assets.xcassets */ = {isa = PBXFileReference; lastKnownFileType = folder.assetcatalog; path = Assets.xcassets; sourceTree = "<group>"; };
		15076EB22021B9490097CC83 /* Base */ = {isa = PBXFileReference; lastKnownFileType = file.storyboard; name = Base; path = Base.lproj/LaunchScreen.storyboard; sourceTree = "<group>"; };
		15076EB42021B9490097CC83 /* Info.plist */ = {isa = PBXFileReference; lastKnownFileType = text.plist.xml; path = Info.plist; sourceTree = "<group>"; };
		15076EB92021B9490097CC83 /* SnippetTests.xctest */ = {isa = PBXFileReference; explicitFileType = wrapper.cfbundle; includeInIndex = 0; path = SnippetTests.xctest; sourceTree = BUILT_PRODUCTS_DIR; };
		15076EBD2021B9490097CC83 /* SnippetTests.swift */ = {isa = PBXFileReference; lastKnownFileType = sourcecode.swift; path = SnippetTests.swift; sourceTree = "<group>"; };
		15076EBF2021B9490097CC83 /* Info.plist */ = {isa = PBXFileReference; lastKnownFileType = text.plist.xml; path = Info.plist; sourceTree = "<group>"; };
		15076EC42021B9490097CC83 /* SnippetUITests.xctest */ = {isa = PBXFileReference; explicitFileType = wrapper.cfbundle; includeInIndex = 0; path = SnippetUITests.xctest; sourceTree = BUILT_PRODUCTS_DIR; };
		15076EC82021B9490097CC83 /* SnippetUITests.swift */ = {isa = PBXFileReference; lastKnownFileType = sourcecode.swift; path = SnippetUITests.swift; sourceTree = "<group>"; };
		15076ECA2021B9490097CC83 /* Info.plist */ = {isa = PBXFileReference; lastKnownFileType = text.plist.xml; path = Info.plist; sourceTree = "<group>"; };
		15076ED92021BBDB0097CC83 /* SnippetsNameSpace.swift */ = {isa = PBXFileReference; lastKnownFileType = sourcecode.swift; path = SnippetsNameSpace.swift; sourceTree = "<group>"; };
		15076EDC2021BEE70097CC83 /* UIViewSnippet.swift */ = {isa = PBXFileReference; lastKnownFileType = sourcecode.swift; path = UIViewSnippet.swift; sourceTree = "<group>"; };
		15076EDE2021C59D0097CC83 /* UILabelSnippet.swift */ = {isa = PBXFileReference; lastKnownFileType = sourcecode.swift; path = UILabelSnippet.swift; sourceTree = "<group>"; };
		15076EE32021CA970097CC83 /* StringSnippet.swift */ = {isa = PBXFileReference; lastKnownFileType = sourcecode.swift; path = StringSnippet.swift; sourceTree = "<group>"; };
		152C79C82024542D00F33895 /* SnippetKit.framework */ = {isa = PBXFileReference; explicitFileType = wrapper.framework; includeInIndex = 0; path = SnippetKit.framework; sourceTree = BUILT_PRODUCTS_DIR; };
		152C79CA2024542D00F33895 /* SnippetKit.h */ = {isa = PBXFileReference; lastKnownFileType = sourcecode.c.h; path = SnippetKit.h; sourceTree = "<group>"; };
		152C79CB2024542D00F33895 /* Info.plist */ = {isa = PBXFileReference; lastKnownFileType = text.plist.xml; path = Info.plist; sourceTree = "<group>"; };
		152C79D02024542D00F33895 /* SnippetKitTests.xctest */ = {isa = PBXFileReference; explicitFileType = wrapper.cfbundle; includeInIndex = 0; path = SnippetKitTests.xctest; sourceTree = BUILT_PRODUCTS_DIR; };
		152C79D72024542D00F33895 /* SnippetKitTests.swift */ = {isa = PBXFileReference; lastKnownFileType = sourcecode.swift; path = SnippetKitTests.swift; sourceTree = "<group>"; };
		152C79D92024542D00F33895 /* Info.plist */ = {isa = PBXFileReference; lastKnownFileType = text.plist.xml; path = Info.plist; sourceTree = "<group>"; };
		153DBE662022FBC400420831 /* UIGestureRecognizerSnippet.swift */ = {isa = PBXFileReference; lastKnownFileType = sourcecode.swift; path = UIGestureRecognizerSnippet.swift; sourceTree = "<group>"; };
		153DBE6820230A4E00420831 /* UITextViewSnippet.swift */ = {isa = PBXFileReference; lastKnownFileType = sourcecode.swift; path = UITextViewSnippet.swift; sourceTree = "<group>"; };
		153DBE6A202310B400420831 /* UITextfieldSnippet.swift */ = {isa = PBXFileReference; lastKnownFileType = sourcecode.swift; path = UITextfieldSnippet.swift; sourceTree = "<group>"; };
		158EF59B2085BC1400559701 /* DictionarySnippet.swift */ = {isa = PBXFileReference; lastKnownFileType = sourcecode.swift; path = DictionarySnippet.swift; sourceTree = "<group>"; };
		1597B986205B50C500718F3E /* NSObject.swift */ = {isa = PBXFileReference; lastKnownFileType = sourcecode.swift; path = NSObject.swift; sourceTree = "<group>"; };
		15C722A2202B004E0081D663 /* ShowTextViewSnippetViewController.swift */ = {isa = PBXFileReference; lastKnownFileType = sourcecode.swift; path = ShowTextViewSnippetViewController.swift; sourceTree = "<group>"; };
		15E6159A2022A25B006ED278 /* OptionalSnippet.swift */ = {isa = PBXFileReference; lastKnownFileType = sourcecode.swift; path = OptionalSnippet.swift; sourceTree = "<group>"; };
		15E6159C2022A988006ED278 /* UIButtonSnippet.swift */ = {isa = PBXFileReference; lastKnownFileType = sourcecode.swift; path = UIButtonSnippet.swift; sourceTree = "<group>"; };
		15E6159E2022BCCC006ED278 /* UIControlSnippet.swift */ = {isa = PBXFileReference; lastKnownFileType = sourcecode.swift; path = UIControlSnippet.swift; sourceTree = "<group>"; };
		15E615A12022E567006ED278 /* TypeInfer.swift */ = {isa = PBXFileReference; lastKnownFileType = sourcecode.swift; path = TypeInfer.swift; sourceTree = "<group>"; };
		15E615A32022E705006ED278 /* ShowButtonSnippetViewController.swift */ = {isa = PBXFileReference; lastKnownFileType = sourcecode.swift; path = ShowButtonSnippetViewController.swift; sourceTree = "<group>"; };
		15E615A52022E713006ED278 /* ShowLabelSnippetViewController.swift */ = {isa = PBXFileReference; lastKnownFileType = sourcecode.swift; path = ShowLabelSnippetViewController.swift; sourceTree = "<group>"; };
		15E615A72022E725006ED278 /* ShowViewSnippetViewController.swift */ = {isa = PBXFileReference; lastKnownFileType = sourcecode.swift; path = ShowViewSnippetViewController.swift; sourceTree = "<group>"; };
/* End PBXFileReference section */

/* Begin PBXFrameworksBuildPhase section */
		15076EA22021B9490097CC83 /* Frameworks */ = {
			isa = PBXFrameworksBuildPhase;
			buildActionMask = 2147483647;
			files = (
				152C79DD2024542D00F33895 /* SnippetKit.framework in Frameworks */,
			);
			runOnlyForDeploymentPostprocessing = 0;
		};
		15076EB62021B9490097CC83 /* Frameworks */ = {
			isa = PBXFrameworksBuildPhase;
			buildActionMask = 2147483647;
			files = (
			);
			runOnlyForDeploymentPostprocessing = 0;
		};
		15076EC12021B9490097CC83 /* Frameworks */ = {
			isa = PBXFrameworksBuildPhase;
			buildActionMask = 2147483647;
			files = (
			);
			runOnlyForDeploymentPostprocessing = 0;
		};
		152C79C42024542D00F33895 /* Frameworks */ = {
			isa = PBXFrameworksBuildPhase;
			buildActionMask = 2147483647;
			files = (
			);
			runOnlyForDeploymentPostprocessing = 0;
		};
		152C79CD2024542D00F33895 /* Frameworks */ = {
			isa = PBXFrameworksBuildPhase;
			buildActionMask = 2147483647;
			files = (
				152C79D12024542D00F33895 /* SnippetKit.framework in Frameworks */,
			);
			runOnlyForDeploymentPostprocessing = 0;
		};
/* End PBXFrameworksBuildPhase section */

/* Begin PBXGroup section */
		15076E9C2021B9490097CC83 = {
			isa = PBXGroup;
			children = (
				15076EA72021B9490097CC83 /* Snippet */,
				15076EBC2021B9490097CC83 /* SnippetTests */,
				15076EC72021B9490097CC83 /* SnippetUITests */,
				152C79C92024542D00F33895 /* SnippetKit */,
				152C79D62024542D00F33895 /* SnippetKitTests */,
				15076EA62021B9490097CC83 /* Products */,
			);
			sourceTree = "<group>";
		};
		15076EA62021B9490097CC83 /* Products */ = {
			isa = PBXGroup;
			children = (
				15076EA52021B9490097CC83 /* Snippet.app */,
				15076EB92021B9490097CC83 /* SnippetTests.xctest */,
				15076EC42021B9490097CC83 /* SnippetUITests.xctest */,
				152C79C82024542D00F33895 /* SnippetKit.framework */,
				152C79D02024542D00F33895 /* SnippetKitTests.xctest */,
			);
			name = Products;
			sourceTree = "<group>";
		};
		15076EA72021B9490097CC83 /* Snippet */ = {
			isa = PBXGroup;
			children = (
				15E615A02022DC01006ED278 /* Examples */,
				15076ED62021BBB20097CC83 /* Snippet */,
				15076EA82021B9490097CC83 /* AppDelegate.swift */,
				15E615A12022E567006ED278 /* TypeInfer.swift */,
				15076EAA2021B9490097CC83 /* ViewController.swift */,
				15076EAC2021B9490097CC83 /* Main.storyboard */,
				15076EAF2021B9490097CC83 /* Assets.xcassets */,
				15076EB12021B9490097CC83 /* LaunchScreen.storyboard */,
				15076EB42021B9490097CC83 /* Info.plist */,
			);
			path = Snippet;
			sourceTree = "<group>";
		};
		15076EBC2021B9490097CC83 /* SnippetTests */ = {
			isa = PBXGroup;
			children = (
				15076EBD2021B9490097CC83 /* SnippetTests.swift */,
				15076EBF2021B9490097CC83 /* Info.plist */,
			);
			path = SnippetTests;
			sourceTree = "<group>";
		};
		15076EC72021B9490097CC83 /* SnippetUITests */ = {
			isa = PBXGroup;
			children = (
				15076EC82021B9490097CC83 /* SnippetUITests.swift */,
				15076ECA2021B9490097CC83 /* Info.plist */,
			);
			path = SnippetUITests;
			sourceTree = "<group>";
		};
		15076ED62021BBB20097CC83 /* Snippet */ = {
			isa = PBXGroup;
			children = (
				15076EDB2021BEDA0097CC83 /* Extensions */,
				15076ED92021BBDB0097CC83 /* SnippetsNameSpace.swift */,
			);
			path = Snippet;
			sourceTree = "<group>";
		};
		15076EDB2021BEDA0097CC83 /* Extensions */ = {
			isa = PBXGroup;
			children = (
				15076EE22021CA7A0097CC83 /* Foundation */,
				15076EE12021CA710097CC83 /* UIKit */,
				1597B986205B50C500718F3E /* NSObject.swift */,
			);
			path = Extensions;
			sourceTree = "<group>";
		};
		15076EE12021CA710097CC83 /* UIKit */ = {
			isa = PBXGroup;
			children = (
				15076EDC2021BEE70097CC83 /* UIViewSnippet.swift */,
				15076EDE2021C59D0097CC83 /* UILabelSnippet.swift */,
				15E6159C2022A988006ED278 /* UIButtonSnippet.swift */,
				15E6159E2022BCCC006ED278 /* UIControlSnippet.swift */,
				153DBE662022FBC400420831 /* UIGestureRecognizerSnippet.swift */,
				153DBE6820230A4E00420831 /* UITextViewSnippet.swift */,
				153DBE6A202310B400420831 /* UITextfieldSnippet.swift */,
			);
			path = UIKit;
			sourceTree = "<group>";
		};
		15076EE22021CA7A0097CC83 /* Foundation */ = {
			isa = PBXGroup;
			children = (
				15076EE32021CA970097CC83 /* StringSnippet.swift */,
				15E6159A2022A25B006ED278 /* OptionalSnippet.swift */,
				158EF59B2085BC1400559701 /* DictionarySnippet.swift */,
			);
			path = Foundation;
			sourceTree = "<group>";
		};
		152C79C92024542D00F33895 /* SnippetKit */ = {
			isa = PBXGroup;
			children = (
				152C79CA2024542D00F33895 /* SnippetKit.h */,
				152C79CB2024542D00F33895 /* Info.plist */,
			);
			path = SnippetKit;
			sourceTree = "<group>";
		};
		152C79D62024542D00F33895 /* SnippetKitTests */ = {
			isa = PBXGroup;
			children = (
				152C79D72024542D00F33895 /* SnippetKitTests.swift */,
				152C79D92024542D00F33895 /* Info.plist */,
			);
			path = SnippetKitTests;
			sourceTree = "<group>";
		};
		15E615A02022DC01006ED278 /* Examples */ = {
			isa = PBXGroup;
			children = (
				15E615A32022E705006ED278 /* ShowButtonSnippetViewController.swift */,
				15E615A52022E713006ED278 /* ShowLabelSnippetViewController.swift */,
				15E615A72022E725006ED278 /* ShowViewSnippetViewController.swift */,
				15C722A2202B004E0081D663 /* ShowTextViewSnippetViewController.swift */,
			);
			path = Examples;
			sourceTree = "<group>";
		};
/* End PBXGroup section */

/* Begin PBXHeadersBuildPhase section */
		152C79C52024542D00F33895 /* Headers */ = {
			isa = PBXHeadersBuildPhase;
			buildActionMask = 2147483647;
			files = (
				152C79DA2024542D00F33895 /* SnippetKit.h in Headers */,
			);
			runOnlyForDeploymentPostprocessing = 0;
		};
/* End PBXHeadersBuildPhase section */

/* Begin PBXNativeTarget section */
		15076EA42021B9490097CC83 /* Snippet */ = {
			isa = PBXNativeTarget;
			buildConfigurationList = 15076ECD2021B9490097CC83 /* Build configuration list for PBXNativeTarget "Snippet" */;
			buildPhases = (
				15076EA12021B9490097CC83 /* Sources */,
				15076EA22021B9490097CC83 /* Frameworks */,
				15076EA32021B9490097CC83 /* Resources */,
				152C79E42024542D00F33895 /* Embed Frameworks */,
			);
			buildRules = (
			);
			dependencies = (
				152C79DC2024542D00F33895 /* PBXTargetDependency */,
			);
			name = Snippet;
			productName = Snippet;
			productReference = 15076EA52021B9490097CC83 /* Snippet.app */;
			productType = "com.apple.product-type.application";
		};
		15076EB82021B9490097CC83 /* SnippetTests */ = {
			isa = PBXNativeTarget;
			buildConfigurationList = 15076ED02021B9490097CC83 /* Build configuration list for PBXNativeTarget "SnippetTests" */;
			buildPhases = (
				15076EB52021B9490097CC83 /* Sources */,
				15076EB62021B9490097CC83 /* Frameworks */,
				15076EB72021B9490097CC83 /* Resources */,
			);
			buildRules = (
			);
			dependencies = (
				15076EBB2021B9490097CC83 /* PBXTargetDependency */,
			);
			name = SnippetTests;
			productName = SnippetTests;
			productReference = 15076EB92021B9490097CC83 /* SnippetTests.xctest */;
			productType = "com.apple.product-type.bundle.unit-test";
		};
		15076EC32021B9490097CC83 /* SnippetUITests */ = {
			isa = PBXNativeTarget;
			buildConfigurationList = 15076ED32021B9490097CC83 /* Build configuration list for PBXNativeTarget "SnippetUITests" */;
			buildPhases = (
				15076EC02021B9490097CC83 /* Sources */,
				15076EC12021B9490097CC83 /* Frameworks */,
				15076EC22021B9490097CC83 /* Resources */,
			);
			buildRules = (
			);
			dependencies = (
				15076EC62021B9490097CC83 /* PBXTargetDependency */,
			);
			name = SnippetUITests;
			productName = SnippetUITests;
			productReference = 15076EC42021B9490097CC83 /* SnippetUITests.xctest */;
			productType = "com.apple.product-type.bundle.ui-testing";
		};
		152C79C72024542D00F33895 /* SnippetKit */ = {
			isa = PBXNativeTarget;
			buildConfigurationList = 152C79E32024542D00F33895 /* Build configuration list for PBXNativeTarget "SnippetKit" */;
			buildPhases = (
				152C79C32024542D00F33895 /* Sources */,
				152C79C42024542D00F33895 /* Frameworks */,
				152C79C52024542D00F33895 /* Headers */,
				152C79C62024542D00F33895 /* Resources */,
			);
			buildRules = (
			);
			dependencies = (
			);
			name = SnippetKit;
			productName = SnippetKit;
			productReference = 152C79C82024542D00F33895 /* SnippetKit.framework */;
			productType = "com.apple.product-type.framework";
		};
		152C79CF2024542D00F33895 /* SnippetKitTests */ = {
			isa = PBXNativeTarget;
			buildConfigurationList = 152C79E52024542D00F33895 /* Build configuration list for PBXNativeTarget "SnippetKitTests" */;
			buildPhases = (
				152C79CC2024542D00F33895 /* Sources */,
				152C79CD2024542D00F33895 /* Frameworks */,
				152C79CE2024542D00F33895 /* Resources */,
			);
			buildRules = (
			);
			dependencies = (
				152C79D32024542D00F33895 /* PBXTargetDependency */,
				152C79D52024542D00F33895 /* PBXTargetDependency */,
			);
			name = SnippetKitTests;
			productName = SnippetKitTests;
			productReference = 152C79D02024542D00F33895 /* SnippetKitTests.xctest */;
			productType = "com.apple.product-type.bundle.unit-test";
		};
/* End PBXNativeTarget section */

/* Begin PBXProject section */
		15076E9D2021B9490097CC83 /* Project object */ = {
			isa = PBXProject;
			attributes = {
				LastSwiftUpdateCheck = 0920;
				LastUpgradeCheck = 0930;
				ORGANIZATIONNAME = yzj;
				TargetAttributes = {
					15076EA42021B9490097CC83 = {
						CreatedOnToolsVersion = 9.2;
						ProvisioningStyle = Automatic;
					};
					15076EB82021B9490097CC83 = {
						CreatedOnToolsVersion = 9.2;
						ProvisioningStyle = Automatic;
						TestTargetID = 15076EA42021B9490097CC83;
					};
					15076EC32021B9490097CC83 = {
						CreatedOnToolsVersion = 9.2;
						ProvisioningStyle = Automatic;
						TestTargetID = 15076EA42021B9490097CC83;
					};
					152C79C72024542D00F33895 = {
						CreatedOnToolsVersion = 9.2;
						ProvisioningStyle = Automatic;
					};
					152C79CF2024542D00F33895 = {
						CreatedOnToolsVersion = 9.2;
						ProvisioningStyle = Automatic;
						TestTargetID = 15076EA42021B9490097CC83;
					};
				};
			};
			buildConfigurationList = 15076EA02021B9490097CC83 /* Build configuration list for PBXProject "Snippet" */;
			compatibilityVersion = "Xcode 8.0";
			developmentRegion = en;
			hasScannedForEncodings = 0;
			knownRegions = (
				en,
				Base,
			);
			mainGroup = 15076E9C2021B9490097CC83;
			productRefGroup = 15076EA62021B9490097CC83 /* Products */;
			projectDirPath = "";
			projectRoot = "";
			targets = (
				15076EA42021B9490097CC83 /* Snippet */,
				15076EB82021B9490097CC83 /* SnippetTests */,
				15076EC32021B9490097CC83 /* SnippetUITests */,
				152C79C72024542D00F33895 /* SnippetKit */,
				152C79CF2024542D00F33895 /* SnippetKitTests */,
			);
		};
/* End PBXProject section */

/* Begin PBXResourcesBuildPhase section */
		15076EA32021B9490097CC83 /* Resources */ = {
			isa = PBXResourcesBuildPhase;
			buildActionMask = 2147483647;
			files = (
				15076EB32021B9490097CC83 /* LaunchScreen.storyboard in Resources */,
				15076EB02021B9490097CC83 /* Assets.xcassets in Resources */,
				15076EAE2021B9490097CC83 /* Main.storyboard in Resources */,
			);
			runOnlyForDeploymentPostprocessing = 0;
		};
		15076EB72021B9490097CC83 /* Resources */ = {
			isa = PBXResourcesBuildPhase;
			buildActionMask = 2147483647;
			files = (
			);
			runOnlyForDeploymentPostprocessing = 0;
		};
		15076EC22021B9490097CC83 /* Resources */ = {
			isa = PBXResourcesBuildPhase;
			buildActionMask = 2147483647;
			files = (
			);
			runOnlyForDeploymentPostprocessing = 0;
		};
		152C79C62024542D00F33895 /* Resources */ = {
			isa = PBXResourcesBuildPhase;
			buildActionMask = 2147483647;
			files = (
			);
			runOnlyForDeploymentPostprocessing = 0;
		};
		152C79CE2024542D00F33895 /* Resources */ = {
			isa = PBXResourcesBuildPhase;
			buildActionMask = 2147483647;
			files = (
			);
			runOnlyForDeploymentPostprocessing = 0;
		};
/* End PBXResourcesBuildPhase section */

/* Begin PBXSourcesBuildPhase section */
		15076EA12021B9490097CC83 /* Sources */ = {
			isa = PBXSourcesBuildPhase;
			buildActionMask = 2147483647;
			files = (
				15076EDF2021C59D0097CC83 /* UILabelSnippet.swift in Sources */,
				15E6159F2022BCCC006ED278 /* UIControlSnippet.swift in Sources */,
				15E615A22022E567006ED278 /* TypeInfer.swift in Sources */,
				1597B987205B50C500718F3E /* NSObject.swift in Sources */,
				153DBE6920230A4E00420831 /* UITextViewSnippet.swift in Sources */,
				15E6159B2022A25B006ED278 /* OptionalSnippet.swift in Sources */,
				15E615A42022E705006ED278 /* ShowButtonSnippetViewController.swift in Sources */,
				15076EDD2021BEE70097CC83 /* UIViewSnippet.swift in Sources */,
				15076EDA2021BBDB0097CC83 /* SnippetsNameSpace.swift in Sources */,
				15076EAB2021B9490097CC83 /* ViewController.swift in Sources */,
				158EF59C2085BC1400559701 /* DictionarySnippet.swift in Sources */,
				15E6159D2022A988006ED278 /* UIButtonSnippet.swift in Sources */,
				15076EE42021CA970097CC83 /* StringSnippet.swift in Sources */,
				15076EA92021B9490097CC83 /* AppDelegate.swift in Sources */,
				15E615A62022E713006ED278 /* ShowLabelSnippetViewController.swift in Sources */,
				153DBE6B202310B400420831 /* UITextfieldSnippet.swift in Sources */,
				153DBE672022FBC400420831 /* UIGestureRecognizerSnippet.swift in Sources */,
				15E615A82022E725006ED278 /* ShowViewSnippetViewController.swift in Sources */,
				15C722A3202B004E0081D663 /* ShowTextViewSnippetViewController.swift in Sources */,
			);
			runOnlyForDeploymentPostprocessing = 0;
		};
		15076EB52021B9490097CC83 /* Sources */ = {
			isa = PBXSourcesBuildPhase;
			buildActionMask = 2147483647;
			files = (
				15076EBE2021B9490097CC83 /* SnippetTests.swift in Sources */,
			);
			runOnlyForDeploymentPostprocessing = 0;
		};
		15076EC02021B9490097CC83 /* Sources */ = {
			isa = PBXSourcesBuildPhase;
			buildActionMask = 2147483647;
			files = (
				15076EC92021B9490097CC83 /* SnippetUITests.swift in Sources */,
			);
			runOnlyForDeploymentPostprocessing = 0;
		};
		152C79C32024542D00F33895 /* Sources */ = {
			isa = PBXSourcesBuildPhase;
			buildActionMask = 2147483647;
			files = (
				1597B989205BB78400718F3E /* NSObject.swift in Sources */,
				152C79E62024544B00F33895 /* StringSnippet.swift in Sources */,
				152C79E72024544B00F33895 /* OptionalSnippet.swift in Sources */,
				152C79E82024544B00F33895 /* UIViewSnippet.swift in Sources */,
				152C79E92024544B00F33895 /* UILabelSnippet.swift in Sources */,
				152C79EA2024544B00F33895 /* UIButtonSnippet.swift in Sources */,
				152C79EB2024544B00F33895 /* UIControlSnippet.swift in Sources */,
				152C79EC2024544B00F33895 /* UIGestureRecognizerSnippet.swift in Sources */,
				152C79ED2024544B00F33895 /* UITextViewSnippet.swift in Sources */,
				152C79EE2024544B00F33895 /* UITextfieldSnippet.swift in Sources */,
				152C79EF2024544B00F33895 /* SnippetsNameSpace.swift in Sources */,
				158EF59D2085BC1400559701 /* DictionarySnippet.swift in Sources */,
			);
			runOnlyForDeploymentPostprocessing = 0;
		};
		152C79CC2024542D00F33895 /* Sources */ = {
			isa = PBXSourcesBuildPhase;
			buildActionMask = 2147483647;
			files = (
				152C79D82024542D00F33895 /* SnippetKitTests.swift in Sources */,
			);
			runOnlyForDeploymentPostprocessing = 0;
		};
/* End PBXSourcesBuildPhase section */

/* Begin PBXTargetDependency section */
		15076EBB2021B9490097CC83 /* PBXTargetDependency */ = {
			isa = PBXTargetDependency;
			target = 15076EA42021B9490097CC83 /* Snippet */;
			targetProxy = 15076EBA2021B9490097CC83 /* PBXContainerItemProxy */;
		};
		15076EC62021B9490097CC83 /* PBXTargetDependency */ = {
			isa = PBXTargetDependency;
			target = 15076EA42021B9490097CC83 /* Snippet */;
			targetProxy = 15076EC52021B9490097CC83 /* PBXContainerItemProxy */;
		};
		152C79D32024542D00F33895 /* PBXTargetDependency */ = {
			isa = PBXTargetDependency;
			target = 152C79C72024542D00F33895 /* SnippetKit */;
			targetProxy = 152C79D22024542D00F33895 /* PBXContainerItemProxy */;
		};
		152C79D52024542D00F33895 /* PBXTargetDependency */ = {
			isa = PBXTargetDependency;
			target = 15076EA42021B9490097CC83 /* Snippet */;
			targetProxy = 152C79D42024542D00F33895 /* PBXContainerItemProxy */;
		};
		152C79DC2024542D00F33895 /* PBXTargetDependency */ = {
			isa = PBXTargetDependency;
			target = 152C79C72024542D00F33895 /* SnippetKit */;
			targetProxy = 152C79DB2024542D00F33895 /* PBXContainerItemProxy */;
		};
/* End PBXTargetDependency section */

/* Begin PBXVariantGroup section */
		15076EAC2021B9490097CC83 /* Main.storyboard */ = {
			isa = PBXVariantGroup;
			children = (
				15076EAD2021B9490097CC83 /* Base */,
			);
			name = Main.storyboard;
			sourceTree = "<group>";
		};
		15076EB12021B9490097CC83 /* LaunchScreen.storyboard */ = {
			isa = PBXVariantGroup;
			children = (
				15076EB22021B9490097CC83 /* Base */,
			);
			name = LaunchScreen.storyboard;
			sourceTree = "<group>";
		};
/* End PBXVariantGroup section */

/* Begin XCBuildConfiguration section */
		15076ECB2021B9490097CC83 /* Debug */ = {
			isa = XCBuildConfiguration;
			buildSettings = {
				ALWAYS_SEARCH_USER_PATHS = NO;
				CLANG_ANALYZER_NONNULL = YES;
				CLANG_ANALYZER_NUMBER_OBJECT_CONVERSION = YES_AGGRESSIVE;
				CLANG_CXX_LANGUAGE_STANDARD = "gnu++14";
				CLANG_CXX_LIBRARY = "libc++";
				CLANG_ENABLE_MODULES = YES;
				CLANG_ENABLE_OBJC_ARC = YES;
				CLANG_WARN_BLOCK_CAPTURE_AUTORELEASING = YES;
				CLANG_WARN_BOOL_CONVERSION = YES;
				CLANG_WARN_COMMA = YES;
				CLANG_WARN_CONSTANT_CONVERSION = YES;
				CLANG_WARN_DEPRECATED_OBJC_IMPLEMENTATIONS = YES;
				CLANG_WARN_DIRECT_OBJC_ISA_USAGE = YES_ERROR;
				CLANG_WARN_DOCUMENTATION_COMMENTS = YES;
				CLANG_WARN_EMPTY_BODY = YES;
				CLANG_WARN_ENUM_CONVERSION = YES;
				CLANG_WARN_INFINITE_RECURSION = YES;
				CLANG_WARN_INT_CONVERSION = YES;
				CLANG_WARN_NON_LITERAL_NULL_CONVERSION = YES;
				CLANG_WARN_OBJC_IMPLICIT_RETAIN_SELF = YES;
				CLANG_WARN_OBJC_LITERAL_CONVERSION = YES;
				CLANG_WARN_OBJC_ROOT_CLASS = YES_ERROR;
				CLANG_WARN_RANGE_LOOP_ANALYSIS = YES;
				CLANG_WARN_STRICT_PROTOTYPES = YES;
				CLANG_WARN_SUSPICIOUS_MOVE = YES;
				CLANG_WARN_UNGUARDED_AVAILABILITY = YES_AGGRESSIVE;
				CLANG_WARN_UNREACHABLE_CODE = YES;
				CLANG_WARN__DUPLICATE_METHOD_MATCH = YES;
				CODE_SIGN_IDENTITY = "iPhone Developer";
				COPY_PHASE_STRIP = NO;
				DEBUG_INFORMATION_FORMAT = dwarf;
				ENABLE_STRICT_OBJC_MSGSEND = YES;
				ENABLE_TESTABILITY = YES;
				GCC_C_LANGUAGE_STANDARD = gnu11;
				GCC_DYNAMIC_NO_PIC = NO;
				GCC_NO_COMMON_BLOCKS = YES;
				GCC_OPTIMIZATION_LEVEL = 0;
				GCC_PREPROCESSOR_DEFINITIONS = (
					"DEBUG=1",
					"$(inherited)",
				);
				GCC_WARN_64_TO_32_BIT_CONVERSION = YES;
				GCC_WARN_ABOUT_RETURN_TYPE = YES_ERROR;
				GCC_WARN_UNDECLARED_SELECTOR = YES;
				GCC_WARN_UNINITIALIZED_AUTOS = YES_AGGRESSIVE;
				GCC_WARN_UNUSED_FUNCTION = YES;
				GCC_WARN_UNUSED_VARIABLE = YES;
				IPHONEOS_DEPLOYMENT_TARGET = 9.0;
				MTL_ENABLE_DEBUG_INFO = YES;
				ONLY_ACTIVE_ARCH = YES;
				SDKROOT = iphoneos;
				SWIFT_ACTIVE_COMPILATION_CONDITIONS = DEBUG;
				SWIFT_OPTIMIZATION_LEVEL = "-Onone";
			};
			name = Debug;
		};
		15076ECC2021B9490097CC83 /* Release */ = {
			isa = XCBuildConfiguration;
			buildSettings = {
				ALWAYS_SEARCH_USER_PATHS = NO;
				CLANG_ANALYZER_NONNULL = YES;
				CLANG_ANALYZER_NUMBER_OBJECT_CONVERSION = YES_AGGRESSIVE;
				CLANG_CXX_LANGUAGE_STANDARD = "gnu++14";
				CLANG_CXX_LIBRARY = "libc++";
				CLANG_ENABLE_MODULES = YES;
				CLANG_ENABLE_OBJC_ARC = YES;
				CLANG_WARN_BLOCK_CAPTURE_AUTORELEASING = YES;
				CLANG_WARN_BOOL_CONVERSION = YES;
				CLANG_WARN_COMMA = YES;
				CLANG_WARN_CONSTANT_CONVERSION = YES;
				CLANG_WARN_DEPRECATED_OBJC_IMPLEMENTATIONS = YES;
				CLANG_WARN_DIRECT_OBJC_ISA_USAGE = YES_ERROR;
				CLANG_WARN_DOCUMENTATION_COMMENTS = YES;
				CLANG_WARN_EMPTY_BODY = YES;
				CLANG_WARN_ENUM_CONVERSION = YES;
				CLANG_WARN_INFINITE_RECURSION = YES;
				CLANG_WARN_INT_CONVERSION = YES;
				CLANG_WARN_NON_LITERAL_NULL_CONVERSION = YES;
				CLANG_WARN_OBJC_IMPLICIT_RETAIN_SELF = YES;
				CLANG_WARN_OBJC_LITERAL_CONVERSION = YES;
				CLANG_WARN_OBJC_ROOT_CLASS = YES_ERROR;
				CLANG_WARN_RANGE_LOOP_ANALYSIS = YES;
				CLANG_WARN_STRICT_PROTOTYPES = YES;
				CLANG_WARN_SUSPICIOUS_MOVE = YES;
				CLANG_WARN_UNGUARDED_AVAILABILITY = YES_AGGRESSIVE;
				CLANG_WARN_UNREACHABLE_CODE = YES;
				CLANG_WARN__DUPLICATE_METHOD_MATCH = YES;
				CODE_SIGN_IDENTITY = "iPhone Developer";
				COPY_PHASE_STRIP = NO;
				DEBUG_INFORMATION_FORMAT = "dwarf-with-dsym";
				ENABLE_NS_ASSERTIONS = NO;
				ENABLE_STRICT_OBJC_MSGSEND = YES;
				GCC_C_LANGUAGE_STANDARD = gnu11;
				GCC_NO_COMMON_BLOCKS = YES;
				GCC_WARN_64_TO_32_BIT_CONVERSION = YES;
				GCC_WARN_ABOUT_RETURN_TYPE = YES_ERROR;
				GCC_WARN_UNDECLARED_SELECTOR = YES;
				GCC_WARN_UNINITIALIZED_AUTOS = YES_AGGRESSIVE;
				GCC_WARN_UNUSED_FUNCTION = YES;
				GCC_WARN_UNUSED_VARIABLE = YES;
				IPHONEOS_DEPLOYMENT_TARGET = 9.0;
				MTL_ENABLE_DEBUG_INFO = NO;
				SDKROOT = iphoneos;
				SWIFT_OPTIMIZATION_LEVEL = "-Owholemodule";
				VALIDATE_PRODUCT = YES;
			};
			name = Release;
		};
		15076ECE2021B9490097CC83 /* Debug */ = {
			isa = XCBuildConfiguration;
			buildSettings = {
				ALWAYS_EMBED_SWIFT_STANDARD_LIBRARIES = YES;
				ASSETCATALOG_COMPILER_APPICON_NAME = AppIcon;
				CODE_SIGN_STYLE = Automatic;
				INFOPLIST_FILE = Snippet/Info.plist;
				IPHONEOS_DEPLOYMENT_TARGET = 9.0;
				LD_RUNPATH_SEARCH_PATHS = "$(inherited) @executable_path/Frameworks";
				PRODUCT_BUNDLE_IDENTIFIER = com.yzj.Snippet;
				PRODUCT_NAME = "$(TARGET_NAME)";
				SWIFT_VERSION = 4.0;
				TARGETED_DEVICE_FAMILY = "1,2";
			};
			name = Debug;
		};
		15076ECF2021B9490097CC83 /* Release */ = {
			isa = XCBuildConfiguration;
			buildSettings = {
				ALWAYS_EMBED_SWIFT_STANDARD_LIBRARIES = YES;
				ASSETCATALOG_COMPILER_APPICON_NAME = AppIcon;
				CODE_SIGN_STYLE = Automatic;
				INFOPLIST_FILE = Snippet/Info.plist;
				IPHONEOS_DEPLOYMENT_TARGET = 9.0;
				LD_RUNPATH_SEARCH_PATHS = "$(inherited) @executable_path/Frameworks";
				PRODUCT_BUNDLE_IDENTIFIER = com.yzj.Snippet;
				PRODUCT_NAME = "$(TARGET_NAME)";
				SWIFT_VERSION = 4.0;
				TARGETED_DEVICE_FAMILY = "1,2";
			};
			name = Release;
		};
		15076ED12021B9490097CC83 /* Debug */ = {
			isa = XCBuildConfiguration;
			buildSettings = {
				ALWAYS_EMBED_SWIFT_STANDARD_LIBRARIES = YES;
				BUNDLE_LOADER = "$(TEST_HOST)";
				CODE_SIGN_STYLE = Automatic;
				INFOPLIST_FILE = SnippetTests/Info.plist;
				LD_RUNPATH_SEARCH_PATHS = "$(inherited) @executable_path/Frameworks @loader_path/Frameworks";
				PRODUCT_BUNDLE_IDENTIFIER = com.yzj.SnippetTests;
				PRODUCT_NAME = "$(TARGET_NAME)";
				SWIFT_VERSION = 4.0;
				TARGETED_DEVICE_FAMILY = "1,2";
				TEST_HOST = "$(BUILT_PRODUCTS_DIR)/Snippet.app/Snippet";
			};
			name = Debug;
		};
		15076ED22021B9490097CC83 /* Release */ = {
			isa = XCBuildConfiguration;
			buildSettings = {
				ALWAYS_EMBED_SWIFT_STANDARD_LIBRARIES = YES;
				BUNDLE_LOADER = "$(TEST_HOST)";
				CODE_SIGN_STYLE = Automatic;
				INFOPLIST_FILE = SnippetTests/Info.plist;
				LD_RUNPATH_SEARCH_PATHS = "$(inherited) @executable_path/Frameworks @loader_path/Frameworks";
				PRODUCT_BUNDLE_IDENTIFIER = com.yzj.SnippetTests;
				PRODUCT_NAME = "$(TARGET_NAME)";
				SWIFT_VERSION = 4.0;
				TARGETED_DEVICE_FAMILY = "1,2";
				TEST_HOST = "$(BUILT_PRODUCTS_DIR)/Snippet.app/Snippet";
			};
			name = Release;
		};
		15076ED42021B9490097CC83 /* Debug */ = {
			isa = XCBuildConfiguration;
			buildSettings = {
				ALWAYS_EMBED_SWIFT_STANDARD_LIBRARIES = YES;
				CODE_SIGN_STYLE = Automatic;
				INFOPLIST_FILE = SnippetUITests/Info.plist;
				LD_RUNPATH_SEARCH_PATHS = "$(inherited) @executable_path/Frameworks @loader_path/Frameworks";
				PRODUCT_BUNDLE_IDENTIFIER = com.yzj.SnippetUITests;
				PRODUCT_NAME = "$(TARGET_NAME)";
				SWIFT_VERSION = 4.0;
				TARGETED_DEVICE_FAMILY = "1,2";
				TEST_TARGET_NAME = Snippet;
			};
			name = Debug;
		};
		15076ED52021B9490097CC83 /* Release */ = {
			isa = XCBuildConfiguration;
			buildSettings = {
				ALWAYS_EMBED_SWIFT_STANDARD_LIBRARIES = YES;
				CODE_SIGN_STYLE = Automatic;
				INFOPLIST_FILE = SnippetUITests/Info.plist;
				LD_RUNPATH_SEARCH_PATHS = "$(inherited) @executable_path/Frameworks @loader_path/Frameworks";
				PRODUCT_BUNDLE_IDENTIFIER = com.yzj.SnippetUITests;
				PRODUCT_NAME = "$(TARGET_NAME)";
				SWIFT_VERSION = 4.0;
				TARGETED_DEVICE_FAMILY = "1,2";
				TEST_TARGET_NAME = Snippet;
			};
			name = Release;
		};
		152C79DF2024542D00F33895 /* Debug */ = {
			isa = XCBuildConfiguration;
			buildSettings = {
				CODE_SIGN_IDENTITY = "";
				CODE_SIGN_STYLE = Automatic;
				CURRENT_PROJECT_VERSION = 1;
				DEFINES_MODULE = YES;
				DYLIB_COMPATIBILITY_VERSION = 1;
				DYLIB_CURRENT_VERSION = 1;
				DYLIB_INSTALL_NAME_BASE = "@rpath";
				INFOPLIST_FILE = SnippetKit/Info.plist;
				INSTALL_PATH = "$(LOCAL_LIBRARY_DIR)/Frameworks";
				IPHONEOS_DEPLOYMENT_TARGET = 9.0;
				LD_RUNPATH_SEARCH_PATHS = "$(inherited) @executable_path/Frameworks @loader_path/Frameworks";
				ONLY_ACTIVE_ARCH = NO;
				PRODUCT_BUNDLE_IDENTIFIER = com.yzj.SnippetKit;
				PRODUCT_NAME = "$(TARGET_NAME:c99extidentifier)";
				SKIP_INSTALL = YES;
				SWIFT_VERSION = 4.0;
				TARGETED_DEVICE_FAMILY = "1,2";
				VERSIONING_SYSTEM = "apple-generic";
				VERSION_INFO_PREFIX = "";
			};
			name = Debug;
		};
		152C79E02024542D00F33895 /* Release */ = {
			isa = XCBuildConfiguration;
			buildSettings = {
				CODE_SIGN_IDENTITY = "";
				CODE_SIGN_STYLE = Automatic;
				CURRENT_PROJECT_VERSION = 1;
				DEFINES_MODULE = YES;
				DYLIB_COMPATIBILITY_VERSION = 1;
				DYLIB_CURRENT_VERSION = 1;
				DYLIB_INSTALL_NAME_BASE = "@rpath";
				INFOPLIST_FILE = SnippetKit/Info.plist;
				INSTALL_PATH = "$(LOCAL_LIBRARY_DIR)/Frameworks";
				IPHONEOS_DEPLOYMENT_TARGET = 9.0;
				LD_RUNPATH_SEARCH_PATHS = "$(inherited) @executable_path/Frameworks @loader_path/Frameworks";
				PRODUCT_BUNDLE_IDENTIFIER = com.yzj.SnippetKit;
				PRODUCT_NAME = "$(TARGET_NAME:c99extidentifier)";
				SKIP_INSTALL = YES;
				SWIFT_VERSION = 4.0;
				TARGETED_DEVICE_FAMILY = "1,2";
				VERSIONING_SYSTEM = "apple-generic";
				VERSION_INFO_PREFIX = "";
			};
			name = Release;
		};
		152C79E12024542D00F33895 /* Debug */ = {
			isa = XCBuildConfiguration;
			buildSettings = {
				ALWAYS_EMBED_SWIFT_STANDARD_LIBRARIES = YES;
				CODE_SIGN_STYLE = Automatic;
				INFOPLIST_FILE = SnippetKitTests/Info.plist;
				LD_RUNPATH_SEARCH_PATHS = "$(inherited) @executable_path/Frameworks @loader_path/Frameworks";
				PRODUCT_BUNDLE_IDENTIFIER = com.yzj.SnippetKitTests;
				PRODUCT_NAME = "$(TARGET_NAME)";
				SWIFT_VERSION = 4.0;
				TARGETED_DEVICE_FAMILY = "1,2";
				TEST_HOST = "$(BUILT_PRODUCTS_DIR)/Snippet.app/Snippet";
			};
			name = Debug;
		};
		152C79E22024542D00F33895 /* Release */ = {
			isa = XCBuildConfiguration;
			buildSettings = {
				ALWAYS_EMBED_SWIFT_STANDARD_LIBRARIES = YES;
				CODE_SIGN_STYLE = Automatic;
				INFOPLIST_FILE = SnippetKitTests/Info.plist;
				LD_RUNPATH_SEARCH_PATHS = "$(inherited) @executable_path/Frameworks @loader_path/Frameworks";
				PRODUCT_BUNDLE_IDENTIFIER = com.yzj.SnippetKitTests;
				PRODUCT_NAME = "$(TARGET_NAME)";
				SWIFT_VERSION = 4.0;
				TARGETED_DEVICE_FAMILY = "1,2";
				TEST_HOST = "$(BUILT_PRODUCTS_DIR)/Snippet.app/Snippet";
			};
			name = Release;
		};
/* End XCBuildConfiguration section */

/* Begin XCConfigurationList section */
		15076EA02021B9490097CC83 /* Build configuration list for PBXProject "Snippet" */ = {
			isa = XCConfigurationList;
			buildConfigurations = (
				15076ECB2021B9490097CC83 /* Debug */,
				15076ECC2021B9490097CC83 /* Release */,
			);
			defaultConfigurationIsVisible = 0;
			defaultConfigurationName = Release;
		};
		15076ECD2021B9490097CC83 /* Build configuration list for PBXNativeTarget "Snippet" */ = {
			isa = XCConfigurationList;
			buildConfigurations = (
				15076ECE2021B9490097CC83 /* Debug */,
				15076ECF2021B9490097CC83 /* Release */,
			);
			defaultConfigurationIsVisible = 0;
			defaultConfigurationName = Release;
		};
		15076ED02021B9490097CC83 /* Build configuration list for PBXNativeTarget "SnippetTests" */ = {
			isa = XCConfigurationList;
			buildConfigurations = (
				15076ED12021B9490097CC83 /* Debug */,
				15076ED22021B9490097CC83 /* Release */,
			);
			defaultConfigurationIsVisible = 0;
			defaultConfigurationName = Release;
		};
		15076ED32021B9490097CC83 /* Build configuration list for PBXNativeTarget "SnippetUITests" */ = {
			isa = XCConfigurationList;
			buildConfigurations = (
				15076ED42021B9490097CC83 /* Debug */,
				15076ED52021B9490097CC83 /* Release */,
			);
			defaultConfigurationIsVisible = 0;
			defaultConfigurationName = Release;
		};
		152C79E32024542D00F33895 /* Build configuration list for PBXNativeTarget "SnippetKit" */ = {
			isa = XCConfigurationList;
			buildConfigurations = (
				152C79DF2024542D00F33895 /* Debug */,
				152C79E02024542D00F33895 /* Release */,
			);
			defaultConfigurationIsVisible = 0;
			defaultConfigurationName = Release;
		};
		152C79E52024542D00F33895 /* Build configuration list for PBXNativeTarget "SnippetKitTests" */ = {
			isa = XCConfigurationList;
			buildConfigurations = (
				152C79E12024542D00F33895 /* Debug */,
				152C79E22024542D00F33895 /* Release */,
			);
			defaultConfigurationIsVisible = 0;
			defaultConfigurationName = Release;
		};
/* End XCConfigurationList section */
	};
	rootObject = 15076E9D2021B9490097CC83 /* Project object */;
}
